
Microsoft Visual Studio Solution File, Format Version 12.00
# Visual Studio Version 16
VisualStudioVersion = 16.0.31105.61
MinimumVisualStudioVersion = 10.0.40219.1
Project("{FAE04EC0-301F-11D3-BF4B-00C04F79EFBC}") = "DataStructures", "DataStructures\DataStructures.csproj", "{9F7DFECD-6785-44C6-A3EB-0C0390DE3036}"
EndProject
Global
	GlobalSection(SolutionConfigurationPlatforms) = preSolution
		Debug|Any CPU = Debug|Any CPU
		Release|Any CPU = Release|Any CPU
	EndGlobalSection
	GlobalSection(ProjectConfigurationPlatforms) = postSolution
		{9F7DFECD-6785-44C6-A3EB-0C0390DE3036}.Debug|Any CPU.ActiveCfg = Debug|Any CPU
		{9F7DFECD-6785-44C6-A3EB-0C0390DE3036}.Debug|Any CPU.Build.0 = Debug|Any CPU
		{9F7DFECD-6785-44C6-A3EB-0C0390DE3036}.Release|Any CPU.ActiveCfg = Release|Any CPU
		{9F7DFECD-6785-44C6-A3EB-0C0390DE3036}.Release|Any CPU.Build.0 = Release|Any CPU
	EndGlobalSection
	GlobalSection(SolutionProperties) = preSolution
		HideSolutionNode = FALSE
	EndGlobalSection
	GlobalSection(ExtensibilityGlobals) = postSolution
		SolutionGuid = {36632A10-1E9E-4DB9-9BBF-735F7A38F9B7}
	EndGlobalSection
EndGlobal
